<?xml version="1.0" encoding="utf-8"?>
<Project ToolsVersion="4.0" xmlns="http://schemas.microsoft.com/developer/msbuild/2003">
  <ItemGroup>
    <Filter Include="ソース ファイル">
      <UniqueIdentifier>{4FC737F1-C7A5-4376-A066-2A32D752A2FF}</UniqueIdentifier>
      <Extensions>cpp;c;cc;cxx;c++;cppm;ixx;def;odl;idl;hpj;bat;asm;asmx</Extensions>
    </Filter>
    <Filter Include="ヘッダー ファイル">
      <UniqueIdentifier>{93995380-89BD-4b04-88EB-625FBE52EBFB}</UniqueIdentifier>
      <Extensions>h;hh;hpp;hxx;h++;hm;inl;inc;ipp;xsd</Extensions>
    </Filter>
    <Filter Include="リソース ファイル">
      <UniqueIdentifier>{67DA6AB6-F800-4c08-8B7A-83BB121AAD01}</UniqueIdentifier>
      <Extensions>rc;ico;cur;bmp;dlg;rc2;rct;bin;rgs;gif;jpg;jpeg;jpe;resx;tiff;tif;png;wav;mfcribbon-ms</Extensions>
    </Filter>
    <Filter Include="Scene">
      <UniqueIdentifier>{fd3f16b7-c2fd-4753-a3da-72277ed37410}</UniqueIdentifier>
    </Filter>
    <Filter Include="Component">
      <UniqueIdentifier>{f20e245c-32fc-4897-ac05-f0e3bb2d3d07}</UniqueIdentifier>
    </Filter>
  </ItemGroup>
  <ItemGroup>
    <ClInclude Include="Sample_Box2D.h">
      <Filter>Scene</Filter>
    </ClInclude>
    <ClInclude Include="Sample_SceneLoad.h">
      <Filter>Scene</Filter>
    </ClInclude>
    <ClInclude Include="stdafx.h">
      <Filter>ヘッダー ファイル</Filter>
    </ClInclude>
    <ClInclude Include="Sample_Animation.h">
      <Filter>Scene</Filter>
    </ClInclude>
    <ClInclude Include="Scene_ProtoType.h">
      <Filter>Scene</Filter>
    </ClInclude>
    <ClInclude Include="MovePlayer.h">
      <Filter>Component</Filter>
    </ClInclude>
    <ClInclude Include="AntiGravity.h">
      <Filter>Component</Filter>
    </ClInclude>
    <ClInclude Include="LowGravity.h">
      <Filter>Component</Filter>
    </ClInclude>
    <ClInclude Include="Permeation.h">
      <Filter>Component</Filter>
    </ClInclude>
    <ClInclude Include="SeigoTestScene.h">
      <Filter>Scene</Filter>
    </ClInclude>
    <ClInclude Include="TitleScene.h">
      <Filter>Scene</Filter>
    </ClInclude>
    <ClInclude Include="Bounce.h">
      <Filter>Component</Filter>
    </ClInclude>
    <ClInclude Include="Scene_Gimmick.h">
      <Filter>Scene</Filter>
    </ClInclude>
    <ClInclude Include="Thon.h">
      <Filter>Component</Filter>
    </ClInclude>
  </ItemGroup>
  <ItemGroup>
    <ClCompile Include="main.cpp">
      <Filter>ソース ファイル</Filter>
    </ClCompile>
    <ClCompile Include="stdafx.cpp">
      <Filter>ソース ファイル</Filter>
    </ClCompile>
    <ClCompile Include="Permeation.cpp">
      <Filter>ソース ファイル</Filter>
    </ClCompile>
    <ClCompile Include="Thon.cpp">
      <Filter>Component</Filter>
    </ClCompile>
  </ItemGroup>
  <ItemGroup>
    <FxCompile Include="OutlineShader.hlsl" />
  </ItemGroup>
</Project>